
Microsoft Visual Studio Solution File, Format Version 12.00
# Visual Studio Version 17
VisualStudioVersion = 17.5.002.0
MinimumVisualStudioVersion = 10.0.40219.1
Project("{9A19103F-16F7-4668-BE54-9A1E7A4F7556}") = "teste1", "teste1\teste1.csproj", "{C10678AD-1254-41B7-9828-1995031653A5}"
EndProject
Project("{9A19103F-16F7-4668-BE54-9A1E7A4F7556}") = "teste2", "teste2\teste2.csproj", "{5CE92EB6-F0EC-4092-9BDB-79D90A5043D1}"
EndProject
Global
	GlobalSection(SolutionConfigurationPlatforms) = preSolution
		Debug|Any CPU = Debug|Any CPU
		Release|Any CPU = Release|Any CPU
	EndGlobalSection
	GlobalSection(ProjectConfigurationPlatforms) = postSolution
		{C10678AD-1254-41B7-9828-1995031653A5}.Debug|Any CPU.ActiveCfg = Debug|Any CPU
		{C10678AD-1254-41B7-9828-1995031653A5}.Debug|Any CPU.Build.0 = Debug|Any CPU
		{C10678AD-1254-41B7-9828-1995031653A5}.Release|Any CPU.ActiveCfg = Release|Any CPU
		{C10678AD-1254-41B7-9828-1995031653A5}.Release|Any CPU.Build.0 = Release|Any CPU
		{5CE92EB6-F0EC-4092-9BDB-79D90A5043D1}.Debug|Any CPU.ActiveCfg = Debug|Any CPU
		{5CE92EB6-F0EC-4092-9BDB-79D90A5043D1}.Debug|Any CPU.Build.0 = Debug|Any CPU
		{5CE92EB6-F0EC-4092-9BDB-79D90A5043D1}.Release|Any CPU.ActiveCfg = Release|Any CPU
		{5CE92EB6-F0EC-4092-9BDB-79D90A5043D1}.Release|Any CPU.Build.0 = Release|Any CPU
	EndGlobalSection
	GlobalSection(SolutionProperties) = preSolution
		HideSolutionNode = FALSE
	EndGlobalSection
	GlobalSection(ExtensibilityGlobals) = postSolution
		SolutionGuid = {C3878DD7-C1DC-413A-B10B-19EC54417962}
	EndGlobalSection
EndGlobal
